
Microsoft Visual Studio Solution File, Format Version 12.00
Project("{FAE04EC0-301F-11D3-BF4B-00C04F79EFBC}") = "DatingApp.API", "DatingApp.API\DatingApp.API.csproj", "{0D194756-B5F5-4691-8581-ACBFE35DD0CA}"
EndProject
Global
	GlobalSection(SolutionConfigurationPlatforms) = preSolution
		Debug|Any CPU = Debug|Any CPU
		Release|Any CPU = Release|Any CPU
	EndGlobalSection
	GlobalSection(ProjectConfigurationPlatforms) = postSolution
		{0D194756-B5F5-4691-8581-ACBFE35DD0CA}.Debug|Any CPU.ActiveCfg = Debug|Any CPU
		{0D194756-B5F5-4691-8581-ACBFE35DD0CA}.Debug|Any CPU.Build.0 = Debug|Any CPU
		{0D194756-B5F5-4691-8581-ACBFE35DD0CA}.Release|Any CPU.ActiveCfg = Release|Any CPU
		{0D194756-B5F5-4691-8581-ACBFE35DD0CA}.Release|Any CPU.Build.0 = Release|Any CPU
	EndGlobalSection
EndGlobal
